
Microsoft Visual Studio Solution File, Format Version 12.00
# Visual Studio Version 17
VisualStudioVersion = 17.1.32421.90
MinimumVisualStudioVersion = 10.0.40219.1
Project("{FAE04EC0-301F-11D3-BF4B-00C04F79EFBC}") = "Skreenkinikor_Master_Project", "Skreenkinikor_Master_Project.csproj", "{F307498F-6E55-4A33-9793-23AFCB49CAA9}"
EndProject
Global
	GlobalSection(SolutionConfigurationPlatforms) = preSolution
		Debug|Any CPU = Debug|Any CPU
		Release|Any CPU = Release|Any CPU
	EndGlobalSection
	GlobalSection(ProjectConfigurationPlatforms) = postSolution
		{F307498F-6E55-4A33-9793-23AFCB49CAA9}.Debug|Any CPU.ActiveCfg = Debug|Any CPU
		{F307498F-6E55-4A33-9793-23AFCB49CAA9}.Debug|Any CPU.Build.0 = Debug|Any CPU
		{F307498F-6E55-4A33-9793-23AFCB49CAA9}.Release|Any CPU.ActiveCfg = Release|Any CPU
		{F307498F-6E55-4A33-9793-23AFCB49CAA9}.Release|Any CPU.Build.0 = Release|Any CPU
	EndGlobalSection
	GlobalSection(SolutionProperties) = preSolution
		HideSolutionNode = FALSE
	EndGlobalSection
	GlobalSection(ExtensibilityGlobals) = postSolution
		SolutionGuid = {4080583C-875F-4645-B6F4-5B2B8EFFEC64}
	EndGlobalSection
EndGlobal
